
Microsoft Visual Studio Solution File, Format Version 12.00
# Visual Studio Version 16
VisualStudioVersion = 16.0.33214.272
MinimumVisualStudioVersion = 10.0.40219.1
Project("{FAE04EC0-301F-11D3-BF4B-00C04F79EFBC}") = "Console App Sub Assignment", "Console App Sub Assignment\Console App Sub Assignment.csproj", "{1F030DCD-F4F8-4FAB-9CF4-ADEEEE3C2B52}"
EndProject
Global
	GlobalSection(SolutionConfigurationPlatforms) = preSolution
		Debug|Any CPU = Debug|Any CPU
		Release|Any CPU = Release|Any CPU
	EndGlobalSection
	GlobalSection(ProjectConfigurationPlatforms) = postSolution
		{1F030DCD-F4F8-4FAB-9CF4-ADEEEE3C2B52}.Debug|Any CPU.ActiveCfg = Debug|Any CPU
		{1F030DCD-F4F8-4FAB-9CF4-ADEEEE3C2B52}.Debug|Any CPU.Build.0 = Debug|Any CPU
		{1F030DCD-F4F8-4FAB-9CF4-ADEEEE3C2B52}.Release|Any CPU.ActiveCfg = Release|Any CPU
		{1F030DCD-F4F8-4FAB-9CF4-ADEEEE3C2B52}.Release|Any CPU.Build.0 = Release|Any CPU
	EndGlobalSection
	GlobalSection(SolutionProperties) = preSolution
		HideSolutionNode = FALSE
	EndGlobalSection
	GlobalSection(ExtensibilityGlobals) = postSolution
		SolutionGuid = {ADAA39FE-524D-4A61-BA05-B26302A31FE6}
	EndGlobalSection
EndGlobal
