
Microsoft Visual Studio Solution File, Format Version 12.00
# Visual Studio Version 16
VisualStudioVersion = 16.0.33214.272
MinimumVisualStudioVersion = 10.0.40219.1
Project("{FAE04EC0-301F-11D3-BF4B-00C04F79EFBC}") = "SixPartAssignment", "SixPartAssignment\SixPartAssignment.csproj", "{618E7415-D344-4FDF-8F2E-0B606670888B}"
EndProject
Global
	GlobalSection(SolutionConfigurationPlatforms) = preSolution
		Debug|Any CPU = Debug|Any CPU
		Release|Any CPU = Release|Any CPU
	EndGlobalSection
	GlobalSection(ProjectConfigurationPlatforms) = postSolution
		{618E7415-D344-4FDF-8F2E-0B606670888B}.Debug|Any CPU.ActiveCfg = Debug|Any CPU
		{618E7415-D344-4FDF-8F2E-0B606670888B}.Debug|Any CPU.Build.0 = Debug|Any CPU
		{618E7415-D344-4FDF-8F2E-0B606670888B}.Release|Any CPU.ActiveCfg = Release|Any CPU
		{618E7415-D344-4FDF-8F2E-0B606670888B}.Release|Any CPU.Build.0 = Release|Any CPU
	EndGlobalSection
	GlobalSection(SolutionProperties) = preSolution
		HideSolutionNode = FALSE
	EndGlobalSection
	GlobalSection(ExtensibilityGlobals) = postSolution
		SolutionGuid = {3F13BCB3-D463-4828-A0E6-D627B7E4FE95}
	EndGlobalSection
EndGlobal
