
Microsoft Visual Studio Solution File, Format Version 12.00
# Visual Studio Version 16
VisualStudioVersion = 16.0.33214.272
MinimumVisualStudioVersion = 10.0.40219.1
Project("{FAE04EC0-301F-11D3-BF4B-00C04F79EFBC}") = "MathAndComparisonOperators", "MathAndComparisonOperators\MathAndComparisonOperators.csproj", "{951A0C64-81C7-4C5F-800B-26DD87CE22C3}"
EndProject
Global
	GlobalSection(SolutionConfigurationPlatforms) = preSolution
		Debug|Any CPU = Debug|Any CPU
		Release|Any CPU = Release|Any CPU
	EndGlobalSection
	GlobalSection(ProjectConfigurationPlatforms) = postSolution
		{951A0C64-81C7-4C5F-800B-26DD87CE22C3}.Debug|Any CPU.ActiveCfg = Debug|Any CPU
		{951A0C64-81C7-4C5F-800B-26DD87CE22C3}.Debug|Any CPU.Build.0 = Debug|Any CPU
		{951A0C64-81C7-4C5F-800B-26DD87CE22C3}.Release|Any CPU.ActiveCfg = Release|Any CPU
		{951A0C64-81C7-4C5F-800B-26DD87CE22C3}.Release|Any CPU.Build.0 = Release|Any CPU
	EndGlobalSection
	GlobalSection(SolutionProperties) = preSolution
		HideSolutionNode = FALSE
	EndGlobalSection
	GlobalSection(ExtensibilityGlobals) = postSolution
		SolutionGuid = {564BF221-18DC-4CC4-8859-5E8E0292BAA7}
	EndGlobalSection
EndGlobal
