
Microsoft Visual Studio Solution File, Format Version 12.00
# Visual Studio Version 16
VisualStudioVersion = 16.0.33214.272
MinimumVisualStudioVersion = 10.0.40219.1
Project("{FAE04EC0-301F-11D3-BF4B-00C04F79EFBC}") = "String Assignment", "String Assignment\String Assignment.csproj", "{8A41C3D8-B75D-44F9-BCAC-DB534B47D40D}"
EndProject
Global
	GlobalSection(SolutionConfigurationPlatforms) = preSolution
		Debug|Any CPU = Debug|Any CPU
		Release|Any CPU = Release|Any CPU
	EndGlobalSection
	GlobalSection(ProjectConfigurationPlatforms) = postSolution
		{8A41C3D8-B75D-44F9-BCAC-DB534B47D40D}.Debug|Any CPU.ActiveCfg = Debug|Any CPU
		{8A41C3D8-B75D-44F9-BCAC-DB534B47D40D}.Debug|Any CPU.Build.0 = Debug|Any CPU
		{8A41C3D8-B75D-44F9-BCAC-DB534B47D40D}.Release|Any CPU.ActiveCfg = Release|Any CPU
		{8A41C3D8-B75D-44F9-BCAC-DB534B47D40D}.Release|Any CPU.Build.0 = Release|Any CPU
	EndGlobalSection
	GlobalSection(SolutionProperties) = preSolution
		HideSolutionNode = FALSE
	EndGlobalSection
	GlobalSection(ExtensibilityGlobals) = postSolution
		SolutionGuid = {2D8945C8-9405-4517-BD75-87906EE07A5B}
	EndGlobalSection
EndGlobal
